{
  "nodes": {
    "anoptic-assets": {
      "flake": false,
      "locked": {
        "lastModified": 1786665811,
        "narHash": "sha256-KUbO0qpOsQR7QfyvFAg6laCNh/fkQsEO5+0N9mMK9kY=",
        "owner": "Anoptic-Games",
        "repo": "assets-free",
        "rev": "76f45e0f565f3f900cadb7124ea18a12e58839a1",
        "type": "github"
      },
      "original": {
        "owner": "Anoptic-Games",
        "repo": "assets-free",
        "type": "github"
      }
    },
    "freetype-src": {
      "flake": false,
      "locked": {
        "lastModified": 1738122561,
        "narHash": "sha256-YxWz3O9see1dktqZnC551V12yU5jcOERTB1Hn1lwUNM=",
        "owner": "freetype",
        "repo": "freetype",
        "rev": "b1f47850878d232eea372ab167e760ccac4c4e32",
        "type": "github"
      },
      "original": {
        "owner": "freetype",
        "repo": "freetype",
        "rev": "b1f47850878d232eea372ab167e760ccac4c4e32",
        "type": "github"
      }
    },
    "glfw-src": {
      "flake": false,
      "locked": {
        "lastModified": 1708688731,
        "narHash": "sha256-FcnQPDeNHgov1Z07gjFze0VMz2diOrpbKZCsI96ngz0=",
        "owner": "glfw",
        "repo": "glfw",
        "rev": "7b6aead9fb88b3623e3b3725ebb42670cbe4c579",
        "type": "github"
      },
      "original": {
        "owner": "glfw",
        "repo": "glfw",
        "rev": "7b6aead9fb88b3623e3b3725ebb42670cbe4c579",
        "type": "github"
      }
    },
    "mimalloc-src": {
      "flake": false,
      "locked": {
        "lastModified": 1786023604,
        "narHash": "sha256-mWy8/2W/DdvotmAg7sni9T7sBy+2DHSKa7pSBvOjVos=",
        "owner": "microsoft",
        "repo": "mimalloc",
        "rev": "2c18c9897049bc8fd9a56b7e3964b125207b365f",
        "type": "github"
      },
      "original": {
        "owner": "microsoft",
        "repo": "mimalloc",
        "rev": "2c18c9897049bc8fd9a56b7e3964b125207b365f",
        "type": "github"
      }
    },
    "nix-gl-host": {
      "inputs": {
        "nixpkgs": [
          "nixpkgs"
        ]
      },
      "locked": {
        "lastModified": 1732211616,
        "narHash": "sha256-QZCKJoypcwgS3tDNSWMjlxEBZtOYPW3eXV24rMzKsac=",
        "owner": "numtide",
        "repo": "nix-gl-host",
        "rev": "5269b233f83880a0b433eafe026f0bc0d8f1a4a9",
        "type": "github"
      },
      "original": {
        "owner": "numtide",
        "repo": "nix-gl-host",
        "type": "github"
      }
    },
    "nixpkgs": {
      "locked": {
        "lastModified": 1786586005,
        "narHash": "sha256-ONKnd1TkEaVYAgEqmwJItljm33oGyoY4/BbsFAD3nBE=",
        "owner": "NixOS",
        "repo": "nixpkgs",
        "rev": "a2442f68c83d284dc103a58595990047ed1fa0cc",
        "type": "github"
      },
      "original": {
        "owner": "NixOS",
        "repo": "nixpkgs",
        "rev": "a2442f68c83d284dc103a58595990047ed1fa0cc",
        "type": "github"
      }
    },
    "plf_hive-src": {
      "flake": false,
      "locked": {
        "lastModified": 1785493789,
        "narHash": "sha256-Xtw2AqnbRiNDMTdG7d32uvkvdquLro4qXF3AEbYt/VE=",
        "owner": "mattreecebentley",
        "repo": "plf_hive",
        "rev": "085899f55591e77d49ed168be4594200aa0f0c3a",
        "type": "github"
      },
      "original": {
        "owner": "mattreecebentley",
        "repo": "plf_hive",
        "rev": "085899f55591e77d49ed168be4594200aa0f0c3a",
        "type": "github"
      }
    },
    "root": {
      "inputs": {
        "anoptic-assets": "anoptic-assets",
        "freetype-src": "freetype-src",
        "glfw-src": "glfw-src",
        "mimalloc-src": "mimalloc-src",
        "nix-gl-host": "nix-gl-host",
        "nixpkgs": "nixpkgs",
        "plf_hive-src": "plf_hive-src"
      }
    }
  },
  "root": "root",
  "version": 7
}
